
Microsoft Visual Studio Solution File, Format Version 12.00
# Visual Studio 14
VisualStudioVersion = 14.0.25420.1
MinimumVisualStudioVersion = 10.0.40219.1
Project("{FAE04EC0-301F-11D3-BF4B-00C04F79EFBC}") = "ConsoleApplication1", "ConsoleApplication1\ConsoleApplication1.csproj", "{693474EB-9D45-46A4-979E-9B3EF465F7FE}"
EndProject
Project("{FAE04EC0-301F-11D3-BF4B-00C04F79EFBC}") = "ConsoleApplication2", "ConsoleApplication2\ConsoleApplication2.csproj", "{6848336F-6755-4298-95D3-0834B68BA795}"
EndProject
Project("{FAE04EC0-301F-11D3-BF4B-00C04F79EFBC}") = "UTeste", "UTeste\UTeste.csproj", "{80E3B110-2C9C-405C-824D-225E3B0F06B2}"
EndProject
Global
	GlobalSection(SolutionConfigurationPlatforms) = preSolution
		Ad-Hoc|Any CPU = Ad-Hoc|Any CPU
		Ad-Hoc|ARM = Ad-Hoc|ARM
		Ad-Hoc|iPhone = Ad-Hoc|iPhone
		Ad-Hoc|iPhoneSimulator = Ad-Hoc|iPhoneSimulator
		Ad-Hoc|x64 = Ad-Hoc|x64
		Ad-Hoc|x86 = Ad-Hoc|x86
		AppStore|Any CPU = AppStore|Any CPU
		AppStore|ARM = AppStore|ARM
		AppStore|iPhone = AppStore|iPhone
		AppStore|iPhoneSimulator = AppStore|iPhoneSimulator
		AppStore|x64 = AppStore|x64
		AppStore|x86 = AppStore|x86
		Debug|Any CPU = Debug|Any CPU
		Debug|ARM = Debug|ARM
		Debug|iPhone = Debug|iPhone
		Debug|iPhoneSimulator = Debug|iPhoneSimulator
		Debug|x64 = Debug|x64
		Debug|x86 = Debug|x86
		Release|Any CPU = Release|Any CPU
		Release|ARM = Release|ARM
		Release|iPhone = Release|iPhone
		Release|iPhoneSimulator = Release|iPhoneSimulator
		Release|x64 = Release|x64
		Release|x86 = Release|x86
	EndGlobalSection
	GlobalSection(ProjectConfigurationPlatforms) = postSolution
		{693474EB-9D45-46A4-979E-9B3EF465F7FE}.Ad-Hoc|Any CPU.ActiveCfg = Release|Any CPU
		{693474EB-9D45-46A4-979E-9B3EF465F7FE}.Ad-Hoc|Any CPU.Build.0 = Release|Any CPU
		{693474EB-9D45-46A4-979E-9B3EF465F7FE}.Ad-Hoc|ARM.ActiveCfg = Release|Any CPU
		{693474EB-9D45-46A4-979E-9B3EF465F7FE}.Ad-Hoc|ARM.Build.0 = Release|Any CPU
		{693474EB-9D45-46A4-979E-9B3EF465F7FE}.Ad-Hoc|iPhone.ActiveCfg = Release|Any CPU
		{693474EB-9D45-46A4-979E-9B3EF465F7FE}.Ad-Hoc|iPhone.Build.0 = Release|Any CPU
		{693474EB-9D45-46A4-979E-9B3EF465F7FE}.Ad-Hoc|iPhoneSimulator.ActiveCfg = Release|Any CPU
		{693474EB-9D45-46A4-979E-9B3EF465F7FE}.Ad-Hoc|iPhoneSimulator.Build.0 = Release|Any CPU
		{693474EB-9D45-46A4-979E-9B3EF465F7FE}.Ad-Hoc|x64.ActiveCfg = Release|Any CPU
		{693474EB-9D45-46A4-979E-9B3EF465F7FE}.Ad-Hoc|x64.Build.0 = Release|Any CPU
		{693474EB-9D45-46A4-979E-9B3EF465F7FE}.Ad-Hoc|x86.ActiveCfg = Release|Any CPU
		{693474EB-9D45-46A4-979E-9B3EF465F7FE}.Ad-Hoc|x86.Build.0 = Release|Any CPU
		{693474EB-9D45-46A4-979E-9B3EF465F7FE}.AppStore|Any CPU.ActiveCfg = Release|Any CPU
		{693474EB-9D45-46A4-979E-9B3EF465F7FE}.AppStore|Any CPU.Build.0 = Release|Any CPU
		{693474EB-9D45-46A4-979E-9B3EF465F7FE}.AppStore|ARM.ActiveCfg = Release|Any CPU
		{693474EB-9D45-46A4-979E-9B3EF465F7FE}.AppStore|ARM.Build.0 = Release|Any CPU
		{693474EB-9D45-46A4-979E-9B3EF465F7FE}.AppStore|iPhone.ActiveCfg = Release|Any CPU
		{693474EB-9D45-46A4-979E-9B3EF465F7FE}.AppStore|iPhone.Build.0 = Release|Any CPU
		{693474EB-9D45-46A4-979E-9B3EF465F7FE}.AppStore|iPhoneSimulator.ActiveCfg = Release|Any CPU
		{693474EB-9D45-46A4-979E-9B3EF465F7FE}.AppStore|iPhoneSimulator.Build.0 = Release|Any CPU
		{693474EB-9D45-46A4-979E-9B3EF465F7FE}.AppStore|x64.ActiveCfg = Release|Any CPU
		{693474EB-9D45-46A4-979E-9B3EF465F7FE}.AppStore|x64.Build.0 = Release|Any CPU
		{693474EB-9D45-46A4-979E-9B3EF465F7FE}.AppStore|x86.ActiveCfg = Release|Any CPU
		{693474EB-9D45-46A4-979E-9B3EF465F7FE}.AppStore|x86.Build.0 = Release|Any CPU
		{693474EB-9D45-46A4-979E-9B3EF465F7FE}.Debug|Any CPU.ActiveCfg = Debug|Any CPU
		{693474EB-9D45-46A4-979E-9B3EF465F7FE}.Debug|Any CPU.Build.0 = Debug|Any CPU
		{693474EB-9D45-46A4-979E-9B3EF465F7FE}.Debug|ARM.ActiveCfg = Debug|Any CPU
		{693474EB-9D45-46A4-979E-9B3EF465F7FE}.Debug|ARM.Build.0 = Debug|Any CPU
		{693474EB-9D45-46A4-979E-9B3EF465F7FE}.Debug|iPhone.ActiveCfg = Debug|Any CPU
		{693474EB-9D45-46A4-979E-9B3EF465F7FE}.Debug|iPhone.Build.0 = Debug|Any CPU
		{693474EB-9D45-46A4-979E-9B3EF465F7FE}.Debug|iPhoneSimulator.ActiveCfg = Debug|Any CPU
		{693474EB-9D45-46A4-979E-9B3EF465F7FE}.Debug|iPhoneSimulator.Build.0 = Debug|Any CPU
		{693474EB-9D45-46A4-979E-9B3EF465F7FE}.Debug|x64.ActiveCfg = Debug|Any CPU
		{693474EB-9D45-46A4-979E-9B3EF465F7FE}.Debug|x64.Build.0 = Debug|Any CPU
		{693474EB-9D45-46A4-979E-9B3EF465F7FE}.Debug|x86.ActiveCfg = Debug|Any CPU
		{693474EB-9D45-46A4-979E-9B3EF465F7FE}.Debug|x86.Build.0 = Debug|Any CPU
		{693474EB-9D45-46A4-979E-9B3EF465F7FE}.Release|Any CPU.ActiveCfg = Release|Any CPU
		{693474EB-9D45-46A4-979E-9B3EF465F7FE}.Release|Any CPU.Build.0 = Release|Any CPU
		{693474EB-9D45-46A4-979E-9B3EF465F7FE}.Release|ARM.ActiveCfg = Release|Any CPU
		{693474EB-9D45-46A4-979E-9B3EF465F7FE}.Release|ARM.Build.0 = Release|Any CPU
		{693474EB-9D45-46A4-979E-9B3EF465F7FE}.Release|iPhone.ActiveCfg = Release|Any CPU
		{693474EB-9D45-46A4-979E-9B3EF465F7FE}.Release|iPhone.Build.0 = Release|Any CPU
		{693474EB-9D45-46A4-979E-9B3EF465F7FE}.Release|iPhoneSimulator.ActiveCfg = Release|Any CPU
		{693474EB-9D45-46A4-979E-9B3EF465F7FE}.Release|iPhoneSimulator.Build.0 = Release|Any CPU
		{693474EB-9D45-46A4-979E-9B3EF465F7FE}.Release|x64.ActiveCfg = Release|Any CPU
		{693474EB-9D45-46A4-979E-9B3EF465F7FE}.Release|x64.Build.0 = Release|Any CPU
		{693474EB-9D45-46A4-979E-9B3EF465F7FE}.Release|x86.ActiveCfg = Release|Any CPU
		{693474EB-9D45-46A4-979E-9B3EF465F7FE}.Release|x86.Build.0 = Release|Any CPU
		{6848336F-6755-4298-95D3-0834B68BA795}.Ad-Hoc|Any CPU.ActiveCfg = Release|Any CPU
		{6848336F-6755-4298-95D3-0834B68BA795}.Ad-Hoc|Any CPU.Build.0 = Release|Any CPU
		{6848336F-6755-4298-95D3-0834B68BA795}.Ad-Hoc|ARM.ActiveCfg = Release|Any CPU
		{6848336F-6755-4298-95D3-0834B68BA795}.Ad-Hoc|ARM.Build.0 = Release|Any CPU
		{6848336F-6755-4298-95D3-0834B68BA795}.Ad-Hoc|iPhone.ActiveCfg = Release|Any CPU
		{6848336F-6755-4298-95D3-0834B68BA795}.Ad-Hoc|iPhone.Build.0 = Release|Any CPU
		{6848336F-6755-4298-95D3-0834B68BA795}.Ad-Hoc|iPhoneSimulator.ActiveCfg = Release|Any CPU
		{6848336F-6755-4298-95D3-0834B68BA795}.Ad-Hoc|iPhoneSimulator.Build.0 = Release|Any CPU
		{6848336F-6755-4298-95D3-0834B68BA795}.Ad-Hoc|x64.ActiveCfg = Release|Any CPU
		{6848336F-6755-4298-95D3-0834B68BA795}.Ad-Hoc|x64.Build.0 = Release|Any CPU
		{6848336F-6755-4298-95D3-0834B68BA795}.Ad-Hoc|x86.ActiveCfg = Release|Any CPU
		{6848336F-6755-4298-95D3-0834B68BA795}.Ad-Hoc|x86.Build.0 = Release|Any CPU
		{6848336F-6755-4298-95D3-0834B68BA795}.AppStore|Any CPU.ActiveCfg = Release|Any CPU
		{6848336F-6755-4298-95D3-0834B68BA795}.AppStore|Any CPU.Build.0 = Release|Any CPU
		{6848336F-6755-4298-95D3-0834B68BA795}.AppStore|ARM.ActiveCfg = Release|Any CPU
		{6848336F-6755-4298-95D3-0834B68BA795}.AppStore|ARM.Build.0 = Release|Any CPU
		{6848336F-6755-4298-95D3-0834B68BA795}.AppStore|iPhone.ActiveCfg = Release|Any CPU
		{6848336F-6755-4298-95D3-0834B68BA795}.AppStore|iPhone.Build.0 = Release|Any CPU
		{6848336F-6755-4298-95D3-0834B68BA795}.AppStore|iPhoneSimulator.ActiveCfg = Release|Any CPU
		{6848336F-6755-4298-95D3-0834B68BA795}.AppStore|iPhoneSimulator.Build.0 = Release|Any CPU
		{6848336F-6755-4298-95D3-0834B68BA795}.AppStore|x64.ActiveCfg = Release|Any CPU
		{6848336F-6755-4298-95D3-0834B68BA795}.AppStore|x64.Build.0 = Release|Any CPU
		{6848336F-6755-4298-95D3-0834B68BA795}.AppStore|x86.ActiveCfg = Release|Any CPU
		{6848336F-6755-4298-95D3-0834B68BA795}.AppStore|x86.Build.0 = Release|Any CPU
		{6848336F-6755-4298-95D3-0834B68BA795}.Debug|Any CPU.ActiveCfg = Debug|Any CPU
		{6848336F-6755-4298-95D3-0834B68BA795}.Debug|Any CPU.Build.0 = Debug|Any CPU
		{6848336F-6755-4298-95D3-0834B68BA795}.Debug|ARM.ActiveCfg = Debug|Any CPU
		{6848336F-6755-4298-95D3-0834B68BA795}.Debug|ARM.Build.0 = Debug|Any CPU
		{6848336F-6755-4298-95D3-0834B68BA795}.Debug|iPhone.ActiveCfg = Debug|Any CPU
		{6848336F-6755-4298-95D3-0834B68BA795}.Debug|iPhone.Build.0 = Debug|Any CPU
		{6848336F-6755-4298-95D3-0834B68BA795}.Debug|iPhoneSimulator.ActiveCfg = Debug|Any CPU
		{6848336F-6755-4298-95D3-0834B68BA795}.Debug|iPhoneSimulator.Build.0 = Debug|Any CPU
		{6848336F-6755-4298-95D3-0834B68BA795}.Debug|x64.ActiveCfg = Debug|Any CPU
		{6848336F-6755-4298-95D3-0834B68BA795}.Debug|x64.Build.0 = Debug|Any CPU
		{6848336F-6755-4298-95D3-0834B68BA795}.Debug|x86.ActiveCfg = Debug|Any CPU
		{6848336F-6755-4298-95D3-0834B68BA795}.Debug|x86.Build.0 = Debug|Any CPU
		{6848336F-6755-4298-95D3-0834B68BA795}.Release|Any CPU.ActiveCfg = Release|Any CPU
		{6848336F-6755-4298-95D3-0834B68BA795}.Release|Any CPU.Build.0 = Release|Any CPU
		{6848336F-6755-4298-95D3-0834B68BA795}.Release|ARM.ActiveCfg = Release|Any CPU
		{6848336F-6755-4298-95D3-0834B68BA795}.Release|ARM.Build.0 = Release|Any CPU
		{6848336F-6755-4298-95D3-0834B68BA795}.Release|iPhone.ActiveCfg = Release|Any CPU
		{6848336F-6755-4298-95D3-0834B68BA795}.Release|iPhone.Build.0 = Release|Any CPU
		{6848336F-6755-4298-95D3-0834B68BA795}.Release|iPhoneSimulator.ActiveCfg = Release|Any CPU
		{6848336F-6755-4298-95D3-0834B68BA795}.Release|iPhoneSimulator.Build.0 = Release|Any CPU
		{6848336F-6755-4298-95D3-0834B68BA795}.Release|x64.ActiveCfg = Release|Any CPU
		{6848336F-6755-4298-95D3-0834B68BA795}.Release|x64.Build.0 = Release|Any CPU
		{6848336F-6755-4298-95D3-0834B68BA795}.Release|x86.ActiveCfg = Release|Any CPU
		{6848336F-6755-4298-95D3-0834B68BA795}.Release|x86.Build.0 = Release|Any CPU
		{80E3B110-2C9C-405C-824D-225E3B0F06B2}.Ad-Hoc|Any CPU.ActiveCfg = Release|Any CPU
		{80E3B110-2C9C-405C-824D-225E3B0F06B2}.Ad-Hoc|Any CPU.Build.0 = Release|Any CPU
		{80E3B110-2C9C-405C-824D-225E3B0F06B2}.Ad-Hoc|ARM.ActiveCfg = Release|Any CPU
		{80E3B110-2C9C-405C-824D-225E3B0F06B2}.Ad-Hoc|ARM.Build.0 = Release|Any CPU
		{80E3B110-2C9C-405C-824D-225E3B0F06B2}.Ad-Hoc|iPhone.ActiveCfg = Release|Any CPU
		{80E3B110-2C9C-405C-824D-225E3B0F06B2}.Ad-Hoc|iPhone.Build.0 = Release|Any CPU
		{80E3B110-2C9C-405C-824D-225E3B0F06B2}.Ad-Hoc|iPhoneSimulator.ActiveCfg = Release|Any CPU
		{80E3B110-2C9C-405C-824D-225E3B0F06B2}.Ad-Hoc|iPhoneSimulator.Build.0 = Release|Any CPU
		{80E3B110-2C9C-405C-824D-225E3B0F06B2}.Ad-Hoc|x64.ActiveCfg = Release|Any CPU
		{80E3B110-2C9C-405C-824D-225E3B0F06B2}.Ad-Hoc|x64.Build.0 = Release|Any CPU
		{80E3B110-2C9C-405C-824D-225E3B0F06B2}.Ad-Hoc|x86.ActiveCfg = Release|Any CPU
		{80E3B110-2C9C-405C-824D-225E3B0F06B2}.Ad-Hoc|x86.Build.0 = Release|Any CPU
		{80E3B110-2C9C-405C-824D-225E3B0F06B2}.AppStore|Any CPU.ActiveCfg = Release|Any CPU
		{80E3B110-2C9C-405C-824D-225E3B0F06B2}.AppStore|Any CPU.Build.0 = Release|Any CPU
		{80E3B110-2C9C-405C-824D-225E3B0F06B2}.AppStore|ARM.ActiveCfg = Release|Any CPU
		{80E3B110-2C9C-405C-824D-225E3B0F06B2}.AppStore|ARM.Build.0 = Release|Any CPU
		{80E3B110-2C9C-405C-824D-225E3B0F06B2}.AppStore|iPhone.ActiveCfg = Release|Any CPU
		{80E3B110-2C9C-405C-824D-225E3B0F06B2}.AppStore|iPhone.Build.0 = Release|Any CPU
		{80E3B110-2C9C-405C-824D-225E3B0F06B2}.AppStore|iPhoneSimulator.ActiveCfg = Release|Any CPU
		{80E3B110-2C9C-405C-824D-225E3B0F06B2}.AppStore|iPhoneSimulator.Build.0 = Release|Any CPU
		{80E3B110-2C9C-405C-824D-225E3B0F06B2}.AppStore|x64.ActiveCfg = Release|Any CPU
		{80E3B110-2C9C-405C-824D-225E3B0F06B2}.AppStore|x64.Build.0 = Release|Any CPU
		{80E3B110-2C9C-405C-824D-225E3B0F06B2}.AppStore|x86.ActiveCfg = Release|Any CPU
		{80E3B110-2C9C-405C-824D-225E3B0F06B2}.AppStore|x86.Build.0 = Release|Any CPU
		{80E3B110-2C9C-405C-824D-225E3B0F06B2}.Debug|Any CPU.ActiveCfg = Debug|Any CPU
		{80E3B110-2C9C-405C-824D-225E3B0F06B2}.Debug|Any CPU.Build.0 = Debug|Any CPU
		{80E3B110-2C9C-405C-824D-225E3B0F06B2}.Debug|ARM.ActiveCfg = Debug|Any CPU
		{80E3B110-2C9C-405C-824D-225E3B0F06B2}.Debug|ARM.Build.0 = Debug|Any CPU
		{80E3B110-2C9C-405C-824D-225E3B0F06B2}.Debug|iPhone.ActiveCfg = Debug|Any CPU
		{80E3B110-2C9C-405C-824D-225E3B0F06B2}.Debug|iPhone.Build.0 = Debug|Any CPU
		{80E3B110-2C9C-405C-824D-225E3B0F06B2}.Debug|iPhoneSimulator.ActiveCfg = Debug|Any CPU
		{80E3B110-2C9C-405C-824D-225E3B0F06B2}.Debug|iPhoneSimulator.Build.0 = Debug|Any CPU
		{80E3B110-2C9C-405C-824D-225E3B0F06B2}.Debug|x64.ActiveCfg = Debug|Any CPU
		{80E3B110-2C9C-405C-824D-225E3B0F06B2}.Debug|x64.Build.0 = Debug|Any CPU
		{80E3B110-2C9C-405C-824D-225E3B0F06B2}.Debug|x86.ActiveCfg = Debug|Any CPU
		{80E3B110-2C9C-405C-824D-225E3B0F06B2}.Debug|x86.Build.0 = Debug|Any CPU
		{80E3B110-2C9C-405C-824D-225E3B0F06B2}.Release|Any CPU.ActiveCfg = Release|Any CPU
		{80E3B110-2C9C-405C-824D-225E3B0F06B2}.Release|Any CPU.Build.0 = Release|Any CPU
		{80E3B110-2C9C-405C-824D-225E3B0F06B2}.Release|ARM.ActiveCfg = Release|Any CPU
		{80E3B110-2C9C-405C-824D-225E3B0F06B2}.Release|ARM.Build.0 = Release|Any CPU
		{80E3B110-2C9C-405C-824D-225E3B0F06B2}.Release|iPhone.ActiveCfg = Release|Any CPU
		{80E3B110-2C9C-405C-824D-225E3B0F06B2}.Release|iPhone.Build.0 = Release|Any CPU
		{80E3B110-2C9C-405C-824D-225E3B0F06B2}.Release|iPhoneSimulator.ActiveCfg = Release|Any CPU
		{80E3B110-2C9C-405C-824D-225E3B0F06B2}.Release|iPhoneSimulator.Build.0 = Release|Any CPU
		{80E3B110-2C9C-405C-824D-225E3B0F06B2}.Release|x64.ActiveCfg = Release|Any CPU
		{80E3B110-2C9C-405C-824D-225E3B0F06B2}.Release|x64.Build.0 = Release|Any CPU
		{80E3B110-2C9C-405C-824D-225E3B0F06B2}.Release|x86.ActiveCfg = Release|Any CPU
		{80E3B110-2C9C-405C-824D-225E3B0F06B2}.Release|x86.Build.0 = Release|Any CPU
	EndGlobalSection
	GlobalSection(SolutionProperties) = preSolution
		HideSolutionNode = FALSE
	EndGlobalSection
EndGlobal
