
Microsoft Visual Studio Solution File, Format Version 12.00
# Visual Studio 14
VisualStudioVersion = 14.0.25420.1
MinimumVisualStudioVersion = 10.0.40219.1
Project("{FAE04EC0-301F-11D3-BF4B-00C04F79EFBC}") = "ConsoleApplication1", "ConsoleApplication1\ConsoleApplication1.csproj", "{693474EB-9D45-46A4-979E-9B3EF465F7FE}"
EndProject
Project("{FAE04EC0-301F-11D3-BF4B-00C04F79EFBC}") = "ConsoleApplication2", "ConsoleApplication2\ConsoleApplication2.csproj", "{6848336F-6755-4298-95D3-0834B68BA795}"
EndProject
Project("{FAE04EC0-301F-11D3-BF4B-00C04F79EFBC}") = "UTeste", "UTeste\UTeste.csproj", "{80E3B110-2C9C-405C-824D-225E3B0F06B2}"
EndProject
Project("{FAE04EC0-301F-11D3-BF4B-00C04F79EFBC}") = "ConsoleApplication3", "ConsoleApplication3\ConsoleApplication3.csproj", "{869EC5AA-A2CE-486E-9BA0-88E3C338576E}"
EndProject
Project("{FAE04EC0-301F-11D3-BF4B-00C04F79EFBC}") = "AppHello.Droid", "AppHello\AppHello.Droid\AppHello.Droid.csproj", "{5718B8CC-DEB5-4956-9EAB-12385676EACD}"
EndProject
Project("{FAE04EC0-301F-11D3-BF4B-00C04F79EFBC}") = "AppHello.iOS", "AppHello\AppHello.iOS\AppHello.iOS.csproj", "{8528F051-4F5B-486C-A260-B8E21D4C367F}"
EndProject
Project("{FAE04EC0-301F-11D3-BF4B-00C04F79EFBC}") = "AppHello.UWP", "AppHello\AppHello.UWP\AppHello.UWP.csproj", "{E16E7390-968F-4D8A-BD50-7C34B8A52FDC}"
EndProject
Project("{FAE04EC0-301F-11D3-BF4B-00C04F79EFBC}") = "AppHello", "AppHello\AppHello\AppHello.csproj", "{F946364A-F690-438D-B061-D3FACADB1396}"
EndProject
Global
	GlobalSection(SolutionConfigurationPlatforms) = preSolution
		Ad-Hoc|Any CPU = Ad-Hoc|Any CPU
		Ad-Hoc|ARM = Ad-Hoc|ARM
		Ad-Hoc|iPhone = Ad-Hoc|iPhone
		Ad-Hoc|iPhoneSimulator = Ad-Hoc|iPhoneSimulator
		Ad-Hoc|x64 = Ad-Hoc|x64
		Ad-Hoc|x86 = Ad-Hoc|x86
		AppStore|Any CPU = AppStore|Any CPU
		AppStore|ARM = AppStore|ARM
		AppStore|iPhone = AppStore|iPhone
		AppStore|iPhoneSimulator = AppStore|iPhoneSimulator
		AppStore|x64 = AppStore|x64
		AppStore|x86 = AppStore|x86
		Debug|Any CPU = Debug|Any CPU
		Debug|ARM = Debug|ARM
		Debug|iPhone = Debug|iPhone
		Debug|iPhoneSimulator = Debug|iPhoneSimulator
		Debug|x64 = Debug|x64
		Debug|x86 = Debug|x86
		Release|Any CPU = Release|Any CPU
		Release|ARM = Release|ARM
		Release|iPhone = Release|iPhone
		Release|iPhoneSimulator = Release|iPhoneSimulator
		Release|x64 = Release|x64
		Release|x86 = Release|x86
	EndGlobalSection
	GlobalSection(ProjectConfigurationPlatforms) = postSolution
		{693474EB-9D45-46A4-979E-9B3EF465F7FE}.Ad-Hoc|Any CPU.ActiveCfg = Release|Any CPU
		{693474EB-9D45-46A4-979E-9B3EF465F7FE}.Ad-Hoc|Any CPU.Build.0 = Release|Any CPU
		{693474EB-9D45-46A4-979E-9B3EF465F7FE}.Ad-Hoc|ARM.ActiveCfg = Release|Any CPU
		{693474EB-9D45-46A4-979E-9B3EF465F7FE}.Ad-Hoc|ARM.Build.0 = Release|Any CPU
		{693474EB-9D45-46A4-979E-9B3EF465F7FE}.Ad-Hoc|iPhone.ActiveCfg = Release|Any CPU
		{693474EB-9D45-46A4-979E-9B3EF465F7FE}.Ad-Hoc|iPhone.Build.0 = Release|Any CPU
		{693474EB-9D45-46A4-979E-9B3EF465F7FE}.Ad-Hoc|iPhoneSimulator.ActiveCfg = Release|Any CPU
		{693474EB-9D45-46A4-979E-9B3EF465F7FE}.Ad-Hoc|iPhoneSimulator.Build.0 = Release|Any CPU
		{693474EB-9D45-46A4-979E-9B3EF465F7FE}.Ad-Hoc|x64.ActiveCfg = Release|Any CPU
		{693474EB-9D45-46A4-979E-9B3EF465F7FE}.Ad-Hoc|x64.Build.0 = Release|Any CPU
		{693474EB-9D45-46A4-979E-9B3EF465F7FE}.Ad-Hoc|x86.ActiveCfg = Release|Any CPU
		{693474EB-9D45-46A4-979E-9B3EF465F7FE}.Ad-Hoc|x86.Build.0 = Release|Any CPU
		{693474EB-9D45-46A4-979E-9B3EF465F7FE}.AppStore|Any CPU.ActiveCfg = Release|Any CPU
		{693474EB-9D45-46A4-979E-9B3EF465F7FE}.AppStore|Any CPU.Build.0 = Release|Any CPU
		{693474EB-9D45-46A4-979E-9B3EF465F7FE}.AppStore|ARM.ActiveCfg = Release|Any CPU
		{693474EB-9D45-46A4-979E-9B3EF465F7FE}.AppStore|ARM.Build.0 = Release|Any CPU
		{693474EB-9D45-46A4-979E-9B3EF465F7FE}.AppStore|iPhone.ActiveCfg = Release|Any CPU
		{693474EB-9D45-46A4-979E-9B3EF465F7FE}.AppStore|iPhone.Build.0 = Release|Any CPU
		{693474EB-9D45-46A4-979E-9B3EF465F7FE}.AppStore|iPhoneSimulator.ActiveCfg = Release|Any CPU
		{693474EB-9D45-46A4-979E-9B3EF465F7FE}.AppStore|iPhoneSimulator.Build.0 = Release|Any CPU
		{693474EB-9D45-46A4-979E-9B3EF465F7FE}.AppStore|x64.ActiveCfg = Release|Any CPU
		{693474EB-9D45-46A4-979E-9B3EF465F7FE}.AppStore|x64.Build.0 = Release|Any CPU
		{693474EB-9D45-46A4-979E-9B3EF465F7FE}.AppStore|x86.ActiveCfg = Release|Any CPU
		{693474EB-9D45-46A4-979E-9B3EF465F7FE}.AppStore|x86.Build.0 = Release|Any CPU
		{693474EB-9D45-46A4-979E-9B3EF465F7FE}.Debug|Any CPU.ActiveCfg = Debug|Any CPU
		{693474EB-9D45-46A4-979E-9B3EF465F7FE}.Debug|Any CPU.Build.0 = Debug|Any CPU
		{693474EB-9D45-46A4-979E-9B3EF465F7FE}.Debug|ARM.ActiveCfg = Debug|Any CPU
		{693474EB-9D45-46A4-979E-9B3EF465F7FE}.Debug|ARM.Build.0 = Debug|Any CPU
		{693474EB-9D45-46A4-979E-9B3EF465F7FE}.Debug|iPhone.ActiveCfg = Debug|Any CPU
		{693474EB-9D45-46A4-979E-9B3EF465F7FE}.Debug|iPhone.Build.0 = Debug|Any CPU
		{693474EB-9D45-46A4-979E-9B3EF465F7FE}.Debug|iPhoneSimulator.ActiveCfg = Debug|Any CPU
		{693474EB-9D45-46A4-979E-9B3EF465F7FE}.Debug|iPhoneSimulator.Build.0 = Debug|Any CPU
		{693474EB-9D45-46A4-979E-9B3EF465F7FE}.Debug|x64.ActiveCfg = Debug|Any CPU
		{693474EB-9D45-46A4-979E-9B3EF465F7FE}.Debug|x64.Build.0 = Debug|Any CPU
		{693474EB-9D45-46A4-979E-9B3EF465F7FE}.Debug|x86.ActiveCfg = Debug|Any CPU
		{693474EB-9D45-46A4-979E-9B3EF465F7FE}.Debug|x86.Build.0 = Debug|Any CPU
		{693474EB-9D45-46A4-979E-9B3EF465F7FE}.Release|Any CPU.ActiveCfg = Release|Any CPU
		{693474EB-9D45-46A4-979E-9B3EF465F7FE}.Release|Any CPU.Build.0 = Release|Any CPU
		{693474EB-9D45-46A4-979E-9B3EF465F7FE}.Release|ARM.ActiveCfg = Release|Any CPU
		{693474EB-9D45-46A4-979E-9B3EF465F7FE}.Release|ARM.Build.0 = Release|Any CPU
		{693474EB-9D45-46A4-979E-9B3EF465F7FE}.Release|iPhone.ActiveCfg = Release|Any CPU
		{693474EB-9D45-46A4-979E-9B3EF465F7FE}.Release|iPhone.Build.0 = Release|Any CPU
		{693474EB-9D45-46A4-979E-9B3EF465F7FE}.Release|iPhoneSimulator.ActiveCfg = Release|Any CPU
		{693474EB-9D45-46A4-979E-9B3EF465F7FE}.Release|iPhoneSimulator.Build.0 = Release|Any CPU
		{693474EB-9D45-46A4-979E-9B3EF465F7FE}.Release|x64.ActiveCfg = Release|Any CPU
		{693474EB-9D45-46A4-979E-9B3EF465F7FE}.Release|x64.Build.0 = Release|Any CPU
		{693474EB-9D45-46A4-979E-9B3EF465F7FE}.Release|x86.ActiveCfg = Release|Any CPU
		{693474EB-9D45-46A4-979E-9B3EF465F7FE}.Release|x86.Build.0 = Release|Any CPU
		{6848336F-6755-4298-95D3-0834B68BA795}.Ad-Hoc|Any CPU.ActiveCfg = Release|Any CPU
		{6848336F-6755-4298-95D3-0834B68BA795}.Ad-Hoc|Any CPU.Build.0 = Release|Any CPU
		{6848336F-6755-4298-95D3-0834B68BA795}.Ad-Hoc|ARM.ActiveCfg = Release|Any CPU
		{6848336F-6755-4298-95D3-0834B68BA795}.Ad-Hoc|ARM.Build.0 = Release|Any CPU
		{6848336F-6755-4298-95D3-0834B68BA795}.Ad-Hoc|iPhone.ActiveCfg = Release|Any CPU
		{6848336F-6755-4298-95D3-0834B68BA795}.Ad-Hoc|iPhone.Build.0 = Release|Any CPU
		{6848336F-6755-4298-95D3-0834B68BA795}.Ad-Hoc|iPhoneSimulator.ActiveCfg = Release|Any CPU
		{6848336F-6755-4298-95D3-0834B68BA795}.Ad-Hoc|iPhoneSimulator.Build.0 = Release|Any CPU
		{6848336F-6755-4298-95D3-0834B68BA795}.Ad-Hoc|x64.ActiveCfg = Release|Any CPU
		{6848336F-6755-4298-95D3-0834B68BA795}.Ad-Hoc|x64.Build.0 = Release|Any CPU
		{6848336F-6755-4298-95D3-0834B68BA795}.Ad-Hoc|x86.ActiveCfg = Release|Any CPU
		{6848336F-6755-4298-95D3-0834B68BA795}.Ad-Hoc|x86.Build.0 = Release|Any CPU
		{6848336F-6755-4298-95D3-0834B68BA795}.AppStore|Any CPU.ActiveCfg = Release|Any CPU
		{6848336F-6755-4298-95D3-0834B68BA795}.AppStore|Any CPU.Build.0 = Release|Any CPU
		{6848336F-6755-4298-95D3-0834B68BA795}.AppStore|ARM.ActiveCfg = Release|Any CPU
		{6848336F-6755-4298-95D3-0834B68BA795}.AppStore|ARM.Build.0 = Release|Any CPU
		{6848336F-6755-4298-95D3-0834B68BA795}.AppStore|iPhone.ActiveCfg = Release|Any CPU
		{6848336F-6755-4298-95D3-0834B68BA795}.AppStore|iPhone.Build.0 = Release|Any CPU
		{6848336F-6755-4298-95D3-0834B68BA795}.AppStore|iPhoneSimulator.ActiveCfg = Release|Any CPU
		{6848336F-6755-4298-95D3-0834B68BA795}.AppStore|iPhoneSimulator.Build.0 = Release|Any CPU
		{6848336F-6755-4298-95D3-0834B68BA795}.AppStore|x64.ActiveCfg = Release|Any CPU
		{6848336F-6755-4298-95D3-0834B68BA795}.AppStore|x64.Build.0 = Release|Any CPU
		{6848336F-6755-4298-95D3-0834B68BA795}.AppStore|x86.ActiveCfg = Release|Any CPU
		{6848336F-6755-4298-95D3-0834B68BA795}.AppStore|x86.Build.0 = Release|Any CPU
		{6848336F-6755-4298-95D3-0834B68BA795}.Debug|Any CPU.ActiveCfg = Debug|Any CPU
		{6848336F-6755-4298-95D3-0834B68BA795}.Debug|Any CPU.Build.0 = Debug|Any CPU
		{6848336F-6755-4298-95D3-0834B68BA795}.Debug|ARM.ActiveCfg = Debug|Any CPU
		{6848336F-6755-4298-95D3-0834B68BA795}.Debug|ARM.Build.0 = Debug|Any CPU
		{6848336F-6755-4298-95D3-0834B68BA795}.Debug|iPhone.ActiveCfg = Debug|Any CPU
		{6848336F-6755-4298-95D3-0834B68BA795}.Debug|iPhone.Build.0 = Debug|Any CPU
		{6848336F-6755-4298-95D3-0834B68BA795}.Debug|iPhoneSimulator.ActiveCfg = Debug|Any CPU
		{6848336F-6755-4298-95D3-0834B68BA795}.Debug|iPhoneSimulator.Build.0 = Debug|Any CPU
		{6848336F-6755-4298-95D3-0834B68BA795}.Debug|x64.ActiveCfg = Debug|Any CPU
		{6848336F-6755-4298-95D3-0834B68BA795}.Debug|x64.Build.0 = Debug|Any CPU
		{6848336F-6755-4298-95D3-0834B68BA795}.Debug|x86.ActiveCfg = Debug|Any CPU
		{6848336F-6755-4298-95D3-0834B68BA795}.Debug|x86.Build.0 = Debug|Any CPU
		{6848336F-6755-4298-95D3-0834B68BA795}.Release|Any CPU.ActiveCfg = Release|Any CPU
		{6848336F-6755-4298-95D3-0834B68BA795}.Release|Any CPU.Build.0 = Release|Any CPU
		{6848336F-6755-4298-95D3-0834B68BA795}.Release|ARM.ActiveCfg = Release|Any CPU
		{6848336F-6755-4298-95D3-0834B68BA795}.Release|ARM.Build.0 = Release|Any CPU
		{6848336F-6755-4298-95D3-0834B68BA795}.Release|iPhone.ActiveCfg = Release|Any CPU
		{6848336F-6755-4298-95D3-0834B68BA795}.Release|iPhone.Build.0 = Release|Any CPU
		{6848336F-6755-4298-95D3-0834B68BA795}.Release|iPhoneSimulator.ActiveCfg = Release|Any CPU
		{6848336F-6755-4298-95D3-0834B68BA795}.Release|iPhoneSimulator.Build.0 = Release|Any CPU
		{6848336F-6755-4298-95D3-0834B68BA795}.Release|x64.ActiveCfg = Release|Any CPU
		{6848336F-6755-4298-95D3-0834B68BA795}.Release|x64.Build.0 = Release|Any CPU
		{6848336F-6755-4298-95D3-0834B68BA795}.Release|x86.ActiveCfg = Release|Any CPU
		{6848336F-6755-4298-95D3-0834B68BA795}.Release|x86.Build.0 = Release|Any CPU
		{80E3B110-2C9C-405C-824D-225E3B0F06B2}.Ad-Hoc|Any CPU.ActiveCfg = Release|Any CPU
		{80E3B110-2C9C-405C-824D-225E3B0F06B2}.Ad-Hoc|Any CPU.Build.0 = Release|Any CPU
		{80E3B110-2C9C-405C-824D-225E3B0F06B2}.Ad-Hoc|ARM.ActiveCfg = Release|Any CPU
		{80E3B110-2C9C-405C-824D-225E3B0F06B2}.Ad-Hoc|ARM.Build.0 = Release|Any CPU
		{80E3B110-2C9C-405C-824D-225E3B0F06B2}.Ad-Hoc|iPhone.ActiveCfg = Release|Any CPU
		{80E3B110-2C9C-405C-824D-225E3B0F06B2}.Ad-Hoc|iPhone.Build.0 = Release|Any CPU
		{80E3B110-2C9C-405C-824D-225E3B0F06B2}.Ad-Hoc|iPhoneSimulator.ActiveCfg = Release|Any CPU
		{80E3B110-2C9C-405C-824D-225E3B0F06B2}.Ad-Hoc|iPhoneSimulator.Build.0 = Release|Any CPU
		{80E3B110-2C9C-405C-824D-225E3B0F06B2}.Ad-Hoc|x64.ActiveCfg = Release|Any CPU
		{80E3B110-2C9C-405C-824D-225E3B0F06B2}.Ad-Hoc|x64.Build.0 = Release|Any CPU
		{80E3B110-2C9C-405C-824D-225E3B0F06B2}.Ad-Hoc|x86.ActiveCfg = Release|Any CPU
		{80E3B110-2C9C-405C-824D-225E3B0F06B2}.Ad-Hoc|x86.Build.0 = Release|Any CPU
		{80E3B110-2C9C-405C-824D-225E3B0F06B2}.AppStore|Any CPU.ActiveCfg = Release|Any CPU
		{80E3B110-2C9C-405C-824D-225E3B0F06B2}.AppStore|Any CPU.Build.0 = Release|Any CPU
		{80E3B110-2C9C-405C-824D-225E3B0F06B2}.AppStore|ARM.ActiveCfg = Release|Any CPU
		{80E3B110-2C9C-405C-824D-225E3B0F06B2}.AppStore|ARM.Build.0 = Release|Any CPU
		{80E3B110-2C9C-405C-824D-225E3B0F06B2}.AppStore|iPhone.ActiveCfg = Release|Any CPU
		{80E3B110-2C9C-405C-824D-225E3B0F06B2}.AppStore|iPhone.Build.0 = Release|Any CPU
		{80E3B110-2C9C-405C-824D-225E3B0F06B2}.AppStore|iPhoneSimulator.ActiveCfg = Release|Any CPU
		{80E3B110-2C9C-405C-824D-225E3B0F06B2}.AppStore|iPhoneSimulator.Build.0 = Release|Any CPU
		{80E3B110-2C9C-405C-824D-225E3B0F06B2}.AppStore|x64.ActiveCfg = Release|Any CPU
		{80E3B110-2C9C-405C-824D-225E3B0F06B2}.AppStore|x64.Build.0 = Release|Any CPU
		{80E3B110-2C9C-405C-824D-225E3B0F06B2}.AppStore|x86.ActiveCfg = Release|Any CPU
		{80E3B110-2C9C-405C-824D-225E3B0F06B2}.AppStore|x86.Build.0 = Release|Any CPU
		{80E3B110-2C9C-405C-824D-225E3B0F06B2}.Debug|Any CPU.ActiveCfg = Debug|Any CPU
		{80E3B110-2C9C-405C-824D-225E3B0F06B2}.Debug|Any CPU.Build.0 = Debug|Any CPU
		{80E3B110-2C9C-405C-824D-225E3B0F06B2}.Debug|ARM.ActiveCfg = Debug|Any CPU
		{80E3B110-2C9C-405C-824D-225E3B0F06B2}.Debug|ARM.Build.0 = Debug|Any CPU
		{80E3B110-2C9C-405C-824D-225E3B0F06B2}.Debug|iPhone.ActiveCfg = Debug|Any CPU
		{80E3B110-2C9C-405C-824D-225E3B0F06B2}.Debug|iPhone.Build.0 = Debug|Any CPU
		{80E3B110-2C9C-405C-824D-225E3B0F06B2}.Debug|iPhoneSimulator.ActiveCfg = Debug|Any CPU
		{80E3B110-2C9C-405C-824D-225E3B0F06B2}.Debug|iPhoneSimulator.Build.0 = Debug|Any CPU
		{80E3B110-2C9C-405C-824D-225E3B0F06B2}.Debug|x64.ActiveCfg = Debug|Any CPU
		{80E3B110-2C9C-405C-824D-225E3B0F06B2}.Debug|x64.Build.0 = Debug|Any CPU
		{80E3B110-2C9C-405C-824D-225E3B0F06B2}.Debug|x86.ActiveCfg = Debug|Any CPU
		{80E3B110-2C9C-405C-824D-225E3B0F06B2}.Debug|x86.Build.0 = Debug|Any CPU
		{80E3B110-2C9C-405C-824D-225E3B0F06B2}.Release|Any CPU.ActiveCfg = Release|Any CPU
		{80E3B110-2C9C-405C-824D-225E3B0F06B2}.Release|Any CPU.Build.0 = Release|Any CPU
		{80E3B110-2C9C-405C-824D-225E3B0F06B2}.Release|ARM.ActiveCfg = Release|Any CPU
		{80E3B110-2C9C-405C-824D-225E3B0F06B2}.Release|ARM.Build.0 = Release|Any CPU
		{80E3B110-2C9C-405C-824D-225E3B0F06B2}.Release|iPhone.ActiveCfg = Release|Any CPU
		{80E3B110-2C9C-405C-824D-225E3B0F06B2}.Release|iPhone.Build.0 = Release|Any CPU
		{80E3B110-2C9C-405C-824D-225E3B0F06B2}.Release|iPhoneSimulator.ActiveCfg = Release|Any CPU
		{80E3B110-2C9C-405C-824D-225E3B0F06B2}.Release|iPhoneSimulator.Build.0 = Release|Any CPU
		{80E3B110-2C9C-405C-824D-225E3B0F06B2}.Release|x64.ActiveCfg = Release|Any CPU
		{80E3B110-2C9C-405C-824D-225E3B0F06B2}.Release|x64.Build.0 = Release|Any CPU
		{80E3B110-2C9C-405C-824D-225E3B0F06B2}.Release|x86.ActiveCfg = Release|Any CPU
		{80E3B110-2C9C-405C-824D-225E3B0F06B2}.Release|x86.Build.0 = Release|Any CPU
		{869EC5AA-A2CE-486E-9BA0-88E3C338576E}.Ad-Hoc|Any CPU.ActiveCfg = Release|Any CPU
		{869EC5AA-A2CE-486E-9BA0-88E3C338576E}.Ad-Hoc|Any CPU.Build.0 = Release|Any CPU
		{869EC5AA-A2CE-486E-9BA0-88E3C338576E}.Ad-Hoc|ARM.ActiveCfg = Release|Any CPU
		{869EC5AA-A2CE-486E-9BA0-88E3C338576E}.Ad-Hoc|ARM.Build.0 = Release|Any CPU
		{869EC5AA-A2CE-486E-9BA0-88E3C338576E}.Ad-Hoc|iPhone.ActiveCfg = Release|Any CPU
		{869EC5AA-A2CE-486E-9BA0-88E3C338576E}.Ad-Hoc|iPhone.Build.0 = Release|Any CPU
		{869EC5AA-A2CE-486E-9BA0-88E3C338576E}.Ad-Hoc|iPhoneSimulator.ActiveCfg = Release|Any CPU
		{869EC5AA-A2CE-486E-9BA0-88E3C338576E}.Ad-Hoc|iPhoneSimulator.Build.0 = Release|Any CPU
		{869EC5AA-A2CE-486E-9BA0-88E3C338576E}.Ad-Hoc|x64.ActiveCfg = Release|Any CPU
		{869EC5AA-A2CE-486E-9BA0-88E3C338576E}.Ad-Hoc|x64.Build.0 = Release|Any CPU
		{869EC5AA-A2CE-486E-9BA0-88E3C338576E}.Ad-Hoc|x86.ActiveCfg = Release|Any CPU
		{869EC5AA-A2CE-486E-9BA0-88E3C338576E}.Ad-Hoc|x86.Build.0 = Release|Any CPU
		{869EC5AA-A2CE-486E-9BA0-88E3C338576E}.AppStore|Any CPU.ActiveCfg = Release|Any CPU
		{869EC5AA-A2CE-486E-9BA0-88E3C338576E}.AppStore|Any CPU.Build.0 = Release|Any CPU
		{869EC5AA-A2CE-486E-9BA0-88E3C338576E}.AppStore|ARM.ActiveCfg = Release|Any CPU
		{869EC5AA-A2CE-486E-9BA0-88E3C338576E}.AppStore|ARM.Build.0 = Release|Any CPU
		{869EC5AA-A2CE-486E-9BA0-88E3C338576E}.AppStore|iPhone.ActiveCfg = Release|Any CPU
		{869EC5AA-A2CE-486E-9BA0-88E3C338576E}.AppStore|iPhone.Build.0 = Release|Any CPU
		{869EC5AA-A2CE-486E-9BA0-88E3C338576E}.AppStore|iPhoneSimulator.ActiveCfg = Release|Any CPU
		{869EC5AA-A2CE-486E-9BA0-88E3C338576E}.AppStore|iPhoneSimulator.Build.0 = Release|Any CPU
		{869EC5AA-A2CE-486E-9BA0-88E3C338576E}.AppStore|x64.ActiveCfg = Release|Any CPU
		{869EC5AA-A2CE-486E-9BA0-88E3C338576E}.AppStore|x64.Build.0 = Release|Any CPU
		{869EC5AA-A2CE-486E-9BA0-88E3C338576E}.AppStore|x86.ActiveCfg = Release|Any CPU
		{869EC5AA-A2CE-486E-9BA0-88E3C338576E}.AppStore|x86.Build.0 = Release|Any CPU
		{869EC5AA-A2CE-486E-9BA0-88E3C338576E}.Debug|Any CPU.ActiveCfg = Debug|Any CPU
		{869EC5AA-A2CE-486E-9BA0-88E3C338576E}.Debug|Any CPU.Build.0 = Debug|Any CPU
		{869EC5AA-A2CE-486E-9BA0-88E3C338576E}.Debug|ARM.ActiveCfg = Debug|Any CPU
		{869EC5AA-A2CE-486E-9BA0-88E3C338576E}.Debug|ARM.Build.0 = Debug|Any CPU
		{869EC5AA-A2CE-486E-9BA0-88E3C338576E}.Debug|iPhone.ActiveCfg = Debug|Any CPU
		{869EC5AA-A2CE-486E-9BA0-88E3C338576E}.Debug|iPhone.Build.0 = Debug|Any CPU
		{869EC5AA-A2CE-486E-9BA0-88E3C338576E}.Debug|iPhoneSimulator.ActiveCfg = Debug|Any CPU
		{869EC5AA-A2CE-486E-9BA0-88E3C338576E}.Debug|iPhoneSimulator.Build.0 = Debug|Any CPU
		{869EC5AA-A2CE-486E-9BA0-88E3C338576E}.Debug|x64.ActiveCfg = Debug|Any CPU
		{869EC5AA-A2CE-486E-9BA0-88E3C338576E}.Debug|x64.Build.0 = Debug|Any CPU
		{869EC5AA-A2CE-486E-9BA0-88E3C338576E}.Debug|x86.ActiveCfg = Debug|Any CPU
		{869EC5AA-A2CE-486E-9BA0-88E3C338576E}.Debug|x86.Build.0 = Debug|Any CPU
		{869EC5AA-A2CE-486E-9BA0-88E3C338576E}.Release|Any CPU.ActiveCfg = Release|Any CPU
		{869EC5AA-A2CE-486E-9BA0-88E3C338576E}.Release|Any CPU.Build.0 = Release|Any CPU
		{869EC5AA-A2CE-486E-9BA0-88E3C338576E}.Release|ARM.ActiveCfg = Release|Any CPU
		{869EC5AA-A2CE-486E-9BA0-88E3C338576E}.Release|ARM.Build.0 = Release|Any CPU
		{869EC5AA-A2CE-486E-9BA0-88E3C338576E}.Release|iPhone.ActiveCfg = Release|Any CPU
		{869EC5AA-A2CE-486E-9BA0-88E3C338576E}.Release|iPhone.Build.0 = Release|Any CPU
		{869EC5AA-A2CE-486E-9BA0-88E3C338576E}.Release|iPhoneSimulator.ActiveCfg = Release|Any CPU
		{869EC5AA-A2CE-486E-9BA0-88E3C338576E}.Release|iPhoneSimulator.Build.0 = Release|Any CPU
		{869EC5AA-A2CE-486E-9BA0-88E3C338576E}.Release|x64.ActiveCfg = Release|Any CPU
		{869EC5AA-A2CE-486E-9BA0-88E3C338576E}.Release|x64.Build.0 = Release|Any CPU
		{869EC5AA-A2CE-486E-9BA0-88E3C338576E}.Release|x86.ActiveCfg = Release|Any CPU
		{869EC5AA-A2CE-486E-9BA0-88E3C338576E}.Release|x86.Build.0 = Release|Any CPU
		{5718B8CC-DEB5-4956-9EAB-12385676EACD}.Ad-Hoc|Any CPU.ActiveCfg = Release|Any CPU
		{5718B8CC-DEB5-4956-9EAB-12385676EACD}.Ad-Hoc|Any CPU.Build.0 = Release|Any CPU
		{5718B8CC-DEB5-4956-9EAB-12385676EACD}.Ad-Hoc|Any CPU.Deploy.0 = Release|Any CPU
		{5718B8CC-DEB5-4956-9EAB-12385676EACD}.Ad-Hoc|ARM.ActiveCfg = Release|Any CPU
		{5718B8CC-DEB5-4956-9EAB-12385676EACD}.Ad-Hoc|ARM.Build.0 = Release|Any CPU
		{5718B8CC-DEB5-4956-9EAB-12385676EACD}.Ad-Hoc|ARM.Deploy.0 = Release|Any CPU
		{5718B8CC-DEB5-4956-9EAB-12385676EACD}.Ad-Hoc|iPhone.ActiveCfg = Release|Any CPU
		{5718B8CC-DEB5-4956-9EAB-12385676EACD}.Ad-Hoc|iPhone.Build.0 = Release|Any CPU
		{5718B8CC-DEB5-4956-9EAB-12385676EACD}.Ad-Hoc|iPhone.Deploy.0 = Release|Any CPU
		{5718B8CC-DEB5-4956-9EAB-12385676EACD}.Ad-Hoc|iPhoneSimulator.ActiveCfg = Release|Any CPU
		{5718B8CC-DEB5-4956-9EAB-12385676EACD}.Ad-Hoc|iPhoneSimulator.Build.0 = Release|Any CPU
		{5718B8CC-DEB5-4956-9EAB-12385676EACD}.Ad-Hoc|iPhoneSimulator.Deploy.0 = Release|Any CPU
		{5718B8CC-DEB5-4956-9EAB-12385676EACD}.Ad-Hoc|x64.ActiveCfg = Release|Any CPU
		{5718B8CC-DEB5-4956-9EAB-12385676EACD}.Ad-Hoc|x64.Build.0 = Release|Any CPU
		{5718B8CC-DEB5-4956-9EAB-12385676EACD}.Ad-Hoc|x64.Deploy.0 = Release|Any CPU
		{5718B8CC-DEB5-4956-9EAB-12385676EACD}.Ad-Hoc|x86.ActiveCfg = Release|Any CPU
		{5718B8CC-DEB5-4956-9EAB-12385676EACD}.Ad-Hoc|x86.Build.0 = Release|Any CPU
		{5718B8CC-DEB5-4956-9EAB-12385676EACD}.Ad-Hoc|x86.Deploy.0 = Release|Any CPU
		{5718B8CC-DEB5-4956-9EAB-12385676EACD}.AppStore|Any CPU.ActiveCfg = Release|Any CPU
		{5718B8CC-DEB5-4956-9EAB-12385676EACD}.AppStore|Any CPU.Build.0 = Release|Any CPU
		{5718B8CC-DEB5-4956-9EAB-12385676EACD}.AppStore|Any CPU.Deploy.0 = Release|Any CPU
		{5718B8CC-DEB5-4956-9EAB-12385676EACD}.AppStore|ARM.ActiveCfg = Release|Any CPU
		{5718B8CC-DEB5-4956-9EAB-12385676EACD}.AppStore|ARM.Build.0 = Release|Any CPU
		{5718B8CC-DEB5-4956-9EAB-12385676EACD}.AppStore|ARM.Deploy.0 = Release|Any CPU
		{5718B8CC-DEB5-4956-9EAB-12385676EACD}.AppStore|iPhone.ActiveCfg = Release|Any CPU
		{5718B8CC-DEB5-4956-9EAB-12385676EACD}.AppStore|iPhone.Build.0 = Release|Any CPU
		{5718B8CC-DEB5-4956-9EAB-12385676EACD}.AppStore|iPhone.Deploy.0 = Release|Any CPU
		{5718B8CC-DEB5-4956-9EAB-12385676EACD}.AppStore|iPhoneSimulator.ActiveCfg = Release|Any CPU
		{5718B8CC-DEB5-4956-9EAB-12385676EACD}.AppStore|iPhoneSimulator.Build.0 = Release|Any CPU
		{5718B8CC-DEB5-4956-9EAB-12385676EACD}.AppStore|iPhoneSimulator.Deploy.0 = Release|Any CPU
		{5718B8CC-DEB5-4956-9EAB-12385676EACD}.AppStore|x64.ActiveCfg = Release|Any CPU
		{5718B8CC-DEB5-4956-9EAB-12385676EACD}.AppStore|x64.Build.0 = Release|Any CPU
		{5718B8CC-DEB5-4956-9EAB-12385676EACD}.AppStore|x64.Deploy.0 = Release|Any CPU
		{5718B8CC-DEB5-4956-9EAB-12385676EACD}.AppStore|x86.ActiveCfg = Release|Any CPU
		{5718B8CC-DEB5-4956-9EAB-12385676EACD}.AppStore|x86.Build.0 = Release|Any CPU
		{5718B8CC-DEB5-4956-9EAB-12385676EACD}.AppStore|x86.Deploy.0 = Release|Any CPU
		{5718B8CC-DEB5-4956-9EAB-12385676EACD}.Debug|Any CPU.ActiveCfg = Debug|Any CPU
		{5718B8CC-DEB5-4956-9EAB-12385676EACD}.Debug|Any CPU.Build.0 = Debug|Any CPU
		{5718B8CC-DEB5-4956-9EAB-12385676EACD}.Debug|Any CPU.Deploy.0 = Debug|Any CPU
		{5718B8CC-DEB5-4956-9EAB-12385676EACD}.Debug|ARM.ActiveCfg = Debug|Any CPU
		{5718B8CC-DEB5-4956-9EAB-12385676EACD}.Debug|ARM.Build.0 = Debug|Any CPU
		{5718B8CC-DEB5-4956-9EAB-12385676EACD}.Debug|ARM.Deploy.0 = Debug|Any CPU
		{5718B8CC-DEB5-4956-9EAB-12385676EACD}.Debug|iPhone.ActiveCfg = Debug|Any CPU
		{5718B8CC-DEB5-4956-9EAB-12385676EACD}.Debug|iPhone.Build.0 = Debug|Any CPU
		{5718B8CC-DEB5-4956-9EAB-12385676EACD}.Debug|iPhone.Deploy.0 = Debug|Any CPU
		{5718B8CC-DEB5-4956-9EAB-12385676EACD}.Debug|iPhoneSimulator.ActiveCfg = Debug|Any CPU
		{5718B8CC-DEB5-4956-9EAB-12385676EACD}.Debug|iPhoneSimulator.Build.0 = Debug|Any CPU
		{5718B8CC-DEB5-4956-9EAB-12385676EACD}.Debug|iPhoneSimulator.Deploy.0 = Debug|Any CPU
		{5718B8CC-DEB5-4956-9EAB-12385676EACD}.Debug|x64.ActiveCfg = Debug|Any CPU
		{5718B8CC-DEB5-4956-9EAB-12385676EACD}.Debug|x64.Build.0 = Debug|Any CPU
		{5718B8CC-DEB5-4956-9EAB-12385676EACD}.Debug|x64.Deploy.0 = Debug|Any CPU
		{5718B8CC-DEB5-4956-9EAB-12385676EACD}.Debug|x86.ActiveCfg = Debug|Any CPU
		{5718B8CC-DEB5-4956-9EAB-12385676EACD}.Debug|x86.Build.0 = Debug|Any CPU
		{5718B8CC-DEB5-4956-9EAB-12385676EACD}.Debug|x86.Deploy.0 = Debug|Any CPU
		{5718B8CC-DEB5-4956-9EAB-12385676EACD}.Release|Any CPU.ActiveCfg = Release|Any CPU
		{5718B8CC-DEB5-4956-9EAB-12385676EACD}.Release|Any CPU.Build.0 = Release|Any CPU
		{5718B8CC-DEB5-4956-9EAB-12385676EACD}.Release|Any CPU.Deploy.0 = Release|Any CPU
		{5718B8CC-DEB5-4956-9EAB-12385676EACD}.Release|ARM.ActiveCfg = Release|Any CPU
		{5718B8CC-DEB5-4956-9EAB-12385676EACD}.Release|ARM.Build.0 = Release|Any CPU
		{5718B8CC-DEB5-4956-9EAB-12385676EACD}.Release|ARM.Deploy.0 = Release|Any CPU
		{5718B8CC-DEB5-4956-9EAB-12385676EACD}.Release|iPhone.ActiveCfg = Release|Any CPU
		{5718B8CC-DEB5-4956-9EAB-12385676EACD}.Release|iPhone.Build.0 = Release|Any CPU
		{5718B8CC-DEB5-4956-9EAB-12385676EACD}.Release|iPhone.Deploy.0 = Release|Any CPU
		{5718B8CC-DEB5-4956-9EAB-12385676EACD}.Release|iPhoneSimulator.ActiveCfg = Release|Any CPU
		{5718B8CC-DEB5-4956-9EAB-12385676EACD}.Release|iPhoneSimulator.Build.0 = Release|Any CPU
		{5718B8CC-DEB5-4956-9EAB-12385676EACD}.Release|iPhoneSimulator.Deploy.0 = Release|Any CPU
		{5718B8CC-DEB5-4956-9EAB-12385676EACD}.Release|x64.ActiveCfg = Release|Any CPU
		{5718B8CC-DEB5-4956-9EAB-12385676EACD}.Release|x64.Build.0 = Release|Any CPU
		{5718B8CC-DEB5-4956-9EAB-12385676EACD}.Release|x64.Deploy.0 = Release|Any CPU
		{5718B8CC-DEB5-4956-9EAB-12385676EACD}.Release|x86.ActiveCfg = Release|Any CPU
		{5718B8CC-DEB5-4956-9EAB-12385676EACD}.Release|x86.Build.0 = Release|Any CPU
		{5718B8CC-DEB5-4956-9EAB-12385676EACD}.Release|x86.Deploy.0 = Release|Any CPU
		{8528F051-4F5B-486C-A260-B8E21D4C367F}.Ad-Hoc|Any CPU.ActiveCfg = Ad-Hoc|iPhone
		{8528F051-4F5B-486C-A260-B8E21D4C367F}.Ad-Hoc|ARM.ActiveCfg = Ad-Hoc|iPhone
		{8528F051-4F5B-486C-A260-B8E21D4C367F}.Ad-Hoc|iPhone.ActiveCfg = Ad-Hoc|iPhone
		{8528F051-4F5B-486C-A260-B8E21D4C367F}.Ad-Hoc|iPhone.Build.0 = Ad-Hoc|iPhone
		{8528F051-4F5B-486C-A260-B8E21D4C367F}.Ad-Hoc|iPhoneSimulator.ActiveCfg = Ad-Hoc|iPhoneSimulator
		{8528F051-4F5B-486C-A260-B8E21D4C367F}.Ad-Hoc|iPhoneSimulator.Build.0 = Ad-Hoc|iPhoneSimulator
		{8528F051-4F5B-486C-A260-B8E21D4C367F}.Ad-Hoc|x64.ActiveCfg = Ad-Hoc|iPhone
		{8528F051-4F5B-486C-A260-B8E21D4C367F}.Ad-Hoc|x86.ActiveCfg = Ad-Hoc|iPhone
		{8528F051-4F5B-486C-A260-B8E21D4C367F}.AppStore|Any CPU.ActiveCfg = AppStore|iPhone
		{8528F051-4F5B-486C-A260-B8E21D4C367F}.AppStore|ARM.ActiveCfg = AppStore|iPhone
		{8528F051-4F5B-486C-A260-B8E21D4C367F}.AppStore|iPhone.ActiveCfg = AppStore|iPhone
		{8528F051-4F5B-486C-A260-B8E21D4C367F}.AppStore|iPhone.Build.0 = AppStore|iPhone
		{8528F051-4F5B-486C-A260-B8E21D4C367F}.AppStore|iPhoneSimulator.ActiveCfg = AppStore|iPhoneSimulator
		{8528F051-4F5B-486C-A260-B8E21D4C367F}.AppStore|iPhoneSimulator.Build.0 = AppStore|iPhoneSimulator
		{8528F051-4F5B-486C-A260-B8E21D4C367F}.AppStore|x64.ActiveCfg = AppStore|iPhone
		{8528F051-4F5B-486C-A260-B8E21D4C367F}.AppStore|x86.ActiveCfg = AppStore|iPhone
		{8528F051-4F5B-486C-A260-B8E21D4C367F}.Debug|Any CPU.ActiveCfg = Debug|iPhone
		{8528F051-4F5B-486C-A260-B8E21D4C367F}.Debug|ARM.ActiveCfg = Debug|iPhone
		{8528F051-4F5B-486C-A260-B8E21D4C367F}.Debug|iPhone.ActiveCfg = Debug|iPhone
		{8528F051-4F5B-486C-A260-B8E21D4C367F}.Debug|iPhone.Build.0 = Debug|iPhone
		{8528F051-4F5B-486C-A260-B8E21D4C367F}.Debug|iPhoneSimulator.ActiveCfg = Debug|iPhoneSimulator
		{8528F051-4F5B-486C-A260-B8E21D4C367F}.Debug|iPhoneSimulator.Build.0 = Debug|iPhoneSimulator
		{8528F051-4F5B-486C-A260-B8E21D4C367F}.Debug|x64.ActiveCfg = Debug|iPhone
		{8528F051-4F5B-486C-A260-B8E21D4C367F}.Debug|x86.ActiveCfg = Debug|iPhone
		{8528F051-4F5B-486C-A260-B8E21D4C367F}.Release|Any CPU.ActiveCfg = Release|iPhone
		{8528F051-4F5B-486C-A260-B8E21D4C367F}.Release|ARM.ActiveCfg = Release|iPhone
		{8528F051-4F5B-486C-A260-B8E21D4C367F}.Release|iPhone.ActiveCfg = Release|iPhone
		{8528F051-4F5B-486C-A260-B8E21D4C367F}.Release|iPhone.Build.0 = Release|iPhone
		{8528F051-4F5B-486C-A260-B8E21D4C367F}.Release|iPhoneSimulator.ActiveCfg = Release|iPhoneSimulator
		{8528F051-4F5B-486C-A260-B8E21D4C367F}.Release|iPhoneSimulator.Build.0 = Release|iPhoneSimulator
		{8528F051-4F5B-486C-A260-B8E21D4C367F}.Release|x64.ActiveCfg = Release|iPhone
		{8528F051-4F5B-486C-A260-B8E21D4C367F}.Release|x86.ActiveCfg = Release|iPhone
		{E16E7390-968F-4D8A-BD50-7C34B8A52FDC}.Ad-Hoc|Any CPU.ActiveCfg = Release|x86
		{E16E7390-968F-4D8A-BD50-7C34B8A52FDC}.Ad-Hoc|Any CPU.Build.0 = Release|x86
		{E16E7390-968F-4D8A-BD50-7C34B8A52FDC}.Ad-Hoc|Any CPU.Deploy.0 = Release|x86
		{E16E7390-968F-4D8A-BD50-7C34B8A52FDC}.Ad-Hoc|ARM.ActiveCfg = Release|ARM
		{E16E7390-968F-4D8A-BD50-7C34B8A52FDC}.Ad-Hoc|ARM.Build.0 = Release|ARM
		{E16E7390-968F-4D8A-BD50-7C34B8A52FDC}.Ad-Hoc|ARM.Deploy.0 = Release|ARM
		{E16E7390-968F-4D8A-BD50-7C34B8A52FDC}.Ad-Hoc|iPhone.ActiveCfg = Release|x86
		{E16E7390-968F-4D8A-BD50-7C34B8A52FDC}.Ad-Hoc|iPhone.Build.0 = Release|x86
		{E16E7390-968F-4D8A-BD50-7C34B8A52FDC}.Ad-Hoc|iPhone.Deploy.0 = Release|x86
		{E16E7390-968F-4D8A-BD50-7C34B8A52FDC}.Ad-Hoc|iPhoneSimulator.ActiveCfg = Release|x86
		{E16E7390-968F-4D8A-BD50-7C34B8A52FDC}.Ad-Hoc|iPhoneSimulator.Build.0 = Release|x86
		{E16E7390-968F-4D8A-BD50-7C34B8A52FDC}.Ad-Hoc|iPhoneSimulator.Deploy.0 = Release|x86
		{E16E7390-968F-4D8A-BD50-7C34B8A52FDC}.Ad-Hoc|x64.ActiveCfg = Release|x64
		{E16E7390-968F-4D8A-BD50-7C34B8A52FDC}.Ad-Hoc|x64.Build.0 = Release|x64
		{E16E7390-968F-4D8A-BD50-7C34B8A52FDC}.Ad-Hoc|x64.Deploy.0 = Release|x64
		{E16E7390-968F-4D8A-BD50-7C34B8A52FDC}.Ad-Hoc|x86.ActiveCfg = Release|x86
		{E16E7390-968F-4D8A-BD50-7C34B8A52FDC}.Ad-Hoc|x86.Build.0 = Release|x86
		{E16E7390-968F-4D8A-BD50-7C34B8A52FDC}.Ad-Hoc|x86.Deploy.0 = Release|x86
		{E16E7390-968F-4D8A-BD50-7C34B8A52FDC}.AppStore|Any CPU.ActiveCfg = Release|x86
		{E16E7390-968F-4D8A-BD50-7C34B8A52FDC}.AppStore|Any CPU.Build.0 = Release|x86
		{E16E7390-968F-4D8A-BD50-7C34B8A52FDC}.AppStore|Any CPU.Deploy.0 = Release|x86
		{E16E7390-968F-4D8A-BD50-7C34B8A52FDC}.AppStore|ARM.ActiveCfg = Release|ARM
		{E16E7390-968F-4D8A-BD50-7C34B8A52FDC}.AppStore|ARM.Build.0 = Release|ARM
		{E16E7390-968F-4D8A-BD50-7C34B8A52FDC}.AppStore|ARM.Deploy.0 = Release|ARM
		{E16E7390-968F-4D8A-BD50-7C34B8A52FDC}.AppStore|iPhone.ActiveCfg = Release|x86
		{E16E7390-968F-4D8A-BD50-7C34B8A52FDC}.AppStore|iPhone.Build.0 = Release|x86
		{E16E7390-968F-4D8A-BD50-7C34B8A52FDC}.AppStore|iPhone.Deploy.0 = Release|x86
		{E16E7390-968F-4D8A-BD50-7C34B8A52FDC}.AppStore|iPhoneSimulator.ActiveCfg = Release|x86
		{E16E7390-968F-4D8A-BD50-7C34B8A52FDC}.AppStore|iPhoneSimulator.Build.0 = Release|x86
		{E16E7390-968F-4D8A-BD50-7C34B8A52FDC}.AppStore|iPhoneSimulator.Deploy.0 = Release|x86
		{E16E7390-968F-4D8A-BD50-7C34B8A52FDC}.AppStore|x64.ActiveCfg = Release|x64
		{E16E7390-968F-4D8A-BD50-7C34B8A52FDC}.AppStore|x64.Build.0 = Release|x64
		{E16E7390-968F-4D8A-BD50-7C34B8A52FDC}.AppStore|x64.Deploy.0 = Release|x64
		{E16E7390-968F-4D8A-BD50-7C34B8A52FDC}.AppStore|x86.ActiveCfg = Release|x86
		{E16E7390-968F-4D8A-BD50-7C34B8A52FDC}.AppStore|x86.Build.0 = Release|x86
		{E16E7390-968F-4D8A-BD50-7C34B8A52FDC}.AppStore|x86.Deploy.0 = Release|x86
		{E16E7390-968F-4D8A-BD50-7C34B8A52FDC}.Debug|Any CPU.ActiveCfg = Debug|x86
		{E16E7390-968F-4D8A-BD50-7C34B8A52FDC}.Debug|ARM.ActiveCfg = Debug|ARM
		{E16E7390-968F-4D8A-BD50-7C34B8A52FDC}.Debug|ARM.Build.0 = Debug|ARM
		{E16E7390-968F-4D8A-BD50-7C34B8A52FDC}.Debug|ARM.Deploy.0 = Debug|ARM
		{E16E7390-968F-4D8A-BD50-7C34B8A52FDC}.Debug|iPhone.ActiveCfg = Debug|x86
		{E16E7390-968F-4D8A-BD50-7C34B8A52FDC}.Debug|iPhoneSimulator.ActiveCfg = Debug|x86
		{E16E7390-968F-4D8A-BD50-7C34B8A52FDC}.Debug|x64.ActiveCfg = Debug|x64
		{E16E7390-968F-4D8A-BD50-7C34B8A52FDC}.Debug|x64.Build.0 = Debug|x64
		{E16E7390-968F-4D8A-BD50-7C34B8A52FDC}.Debug|x64.Deploy.0 = Debug|x64
		{E16E7390-968F-4D8A-BD50-7C34B8A52FDC}.Debug|x86.ActiveCfg = Debug|x86
		{E16E7390-968F-4D8A-BD50-7C34B8A52FDC}.Debug|x86.Build.0 = Debug|x86
		{E16E7390-968F-4D8A-BD50-7C34B8A52FDC}.Debug|x86.Deploy.0 = Debug|x86
		{E16E7390-968F-4D8A-BD50-7C34B8A52FDC}.Release|Any CPU.ActiveCfg = Release|x86
		{E16E7390-968F-4D8A-BD50-7C34B8A52FDC}.Release|ARM.ActiveCfg = Release|ARM
		{E16E7390-968F-4D8A-BD50-7C34B8A52FDC}.Release|ARM.Build.0 = Release|ARM
		{E16E7390-968F-4D8A-BD50-7C34B8A52FDC}.Release|ARM.Deploy.0 = Release|ARM
		{E16E7390-968F-4D8A-BD50-7C34B8A52FDC}.Release|iPhone.ActiveCfg = Release|x86
		{E16E7390-968F-4D8A-BD50-7C34B8A52FDC}.Release|iPhoneSimulator.ActiveCfg = Release|x86
		{E16E7390-968F-4D8A-BD50-7C34B8A52FDC}.Release|x64.ActiveCfg = Release|x64
		{E16E7390-968F-4D8A-BD50-7C34B8A52FDC}.Release|x64.Build.0 = Release|x64
		{E16E7390-968F-4D8A-BD50-7C34B8A52FDC}.Release|x64.Deploy.0 = Release|x64
		{E16E7390-968F-4D8A-BD50-7C34B8A52FDC}.Release|x86.ActiveCfg = Release|x86
		{E16E7390-968F-4D8A-BD50-7C34B8A52FDC}.Release|x86.Build.0 = Release|x86
		{E16E7390-968F-4D8A-BD50-7C34B8A52FDC}.Release|x86.Deploy.0 = Release|x86
		{F946364A-F690-438D-B061-D3FACADB1396}.Ad-Hoc|Any CPU.ActiveCfg = Release|Any CPU
		{F946364A-F690-438D-B061-D3FACADB1396}.Ad-Hoc|Any CPU.Build.0 = Release|Any CPU
		{F946364A-F690-438D-B061-D3FACADB1396}.Ad-Hoc|ARM.ActiveCfg = Release|Any CPU
		{F946364A-F690-438D-B061-D3FACADB1396}.Ad-Hoc|ARM.Build.0 = Release|Any CPU
		{F946364A-F690-438D-B061-D3FACADB1396}.Ad-Hoc|iPhone.ActiveCfg = Release|Any CPU
		{F946364A-F690-438D-B061-D3FACADB1396}.Ad-Hoc|iPhone.Build.0 = Release|Any CPU
		{F946364A-F690-438D-B061-D3FACADB1396}.Ad-Hoc|iPhoneSimulator.ActiveCfg = Release|Any CPU
		{F946364A-F690-438D-B061-D3FACADB1396}.Ad-Hoc|iPhoneSimulator.Build.0 = Release|Any CPU
		{F946364A-F690-438D-B061-D3FACADB1396}.Ad-Hoc|x64.ActiveCfg = Release|Any CPU
		{F946364A-F690-438D-B061-D3FACADB1396}.Ad-Hoc|x64.Build.0 = Release|Any CPU
		{F946364A-F690-438D-B061-D3FACADB1396}.Ad-Hoc|x86.ActiveCfg = Release|Any CPU
		{F946364A-F690-438D-B061-D3FACADB1396}.Ad-Hoc|x86.Build.0 = Release|Any CPU
		{F946364A-F690-438D-B061-D3FACADB1396}.AppStore|Any CPU.ActiveCfg = Release|Any CPU
		{F946364A-F690-438D-B061-D3FACADB1396}.AppStore|Any CPU.Build.0 = Release|Any CPU
		{F946364A-F690-438D-B061-D3FACADB1396}.AppStore|ARM.ActiveCfg = Release|Any CPU
		{F946364A-F690-438D-B061-D3FACADB1396}.AppStore|ARM.Build.0 = Release|Any CPU
		{F946364A-F690-438D-B061-D3FACADB1396}.AppStore|iPhone.ActiveCfg = Release|Any CPU
		{F946364A-F690-438D-B061-D3FACADB1396}.AppStore|iPhone.Build.0 = Release|Any CPU
		{F946364A-F690-438D-B061-D3FACADB1396}.AppStore|iPhoneSimulator.ActiveCfg = Release|Any CPU
		{F946364A-F690-438D-B061-D3FACADB1396}.AppStore|iPhoneSimulator.Build.0 = Release|Any CPU
		{F946364A-F690-438D-B061-D3FACADB1396}.AppStore|x64.ActiveCfg = Release|Any CPU
		{F946364A-F690-438D-B061-D3FACADB1396}.AppStore|x64.Build.0 = Release|Any CPU
		{F946364A-F690-438D-B061-D3FACADB1396}.AppStore|x86.ActiveCfg = Release|Any CPU
		{F946364A-F690-438D-B061-D3FACADB1396}.AppStore|x86.Build.0 = Release|Any CPU
		{F946364A-F690-438D-B061-D3FACADB1396}.Debug|Any CPU.ActiveCfg = Debug|Any CPU
		{F946364A-F690-438D-B061-D3FACADB1396}.Debug|Any CPU.Build.0 = Debug|Any CPU
		{F946364A-F690-438D-B061-D3FACADB1396}.Debug|ARM.ActiveCfg = Debug|Any CPU
		{F946364A-F690-438D-B061-D3FACADB1396}.Debug|ARM.Build.0 = Debug|Any CPU
		{F946364A-F690-438D-B061-D3FACADB1396}.Debug|iPhone.ActiveCfg = Debug|Any CPU
		{F946364A-F690-438D-B061-D3FACADB1396}.Debug|iPhone.Build.0 = Debug|Any CPU
		{F946364A-F690-438D-B061-D3FACADB1396}.Debug|iPhoneSimulator.ActiveCfg = Debug|Any CPU
		{F946364A-F690-438D-B061-D3FACADB1396}.Debug|iPhoneSimulator.Build.0 = Debug|Any CPU
		{F946364A-F690-438D-B061-D3FACADB1396}.Debug|x64.ActiveCfg = Debug|Any CPU
		{F946364A-F690-438D-B061-D3FACADB1396}.Debug|x64.Build.0 = Debug|Any CPU
		{F946364A-F690-438D-B061-D3FACADB1396}.Debug|x86.ActiveCfg = Debug|Any CPU
		{F946364A-F690-438D-B061-D3FACADB1396}.Debug|x86.Build.0 = Debug|Any CPU
		{F946364A-F690-438D-B061-D3FACADB1396}.Release|Any CPU.ActiveCfg = Release|Any CPU
		{F946364A-F690-438D-B061-D3FACADB1396}.Release|Any CPU.Build.0 = Release|Any CPU
		{F946364A-F690-438D-B061-D3FACADB1396}.Release|ARM.ActiveCfg = Release|Any CPU
		{F946364A-F690-438D-B061-D3FACADB1396}.Release|ARM.Build.0 = Release|Any CPU
		{F946364A-F690-438D-B061-D3FACADB1396}.Release|iPhone.ActiveCfg = Release|Any CPU
		{F946364A-F690-438D-B061-D3FACADB1396}.Release|iPhone.Build.0 = Release|Any CPU
		{F946364A-F690-438D-B061-D3FACADB1396}.Release|iPhoneSimulator.ActiveCfg = Release|Any CPU
		{F946364A-F690-438D-B061-D3FACADB1396}.Release|iPhoneSimulator.Build.0 = Release|Any CPU
		{F946364A-F690-438D-B061-D3FACADB1396}.Release|x64.ActiveCfg = Release|Any CPU
		{F946364A-F690-438D-B061-D3FACADB1396}.Release|x64.Build.0 = Release|Any CPU
		{F946364A-F690-438D-B061-D3FACADB1396}.Release|x86.ActiveCfg = Release|Any CPU
		{F946364A-F690-438D-B061-D3FACADB1396}.Release|x86.Build.0 = Release|Any CPU
	EndGlobalSection
	GlobalSection(SolutionProperties) = preSolution
		HideSolutionNode = FALSE
	EndGlobalSection
EndGlobal
